
Microsoft Visual Studio Solution File, Format Version 12.00
# Visual Studio Version 16
VisualStudioVersion = 16.0.32106.194
MinimumVisualStudioVersion = 10.0.40219.1
Project("{FAE04EC0-301F-11D3-BF4B-00C04F79EFBC}") = "Group 3 Musical Chairs Project", "Group 3 Musical Chairs Project.csproj", "{054CED38-996A-4654-B4B9-E4D0E7E6B046}"
EndProject
Project("{2150E333-8FDC-42A3-9474-1A3956D46DE8}") = "Solution Items", "Solution Items", "{DD334C0B-3498-42D7-AFF0-96CD2B26C436}"
	ProjectSection(SolutionItems) = preProject
		.editorconfig = .editorconfig
	EndProjectSection
EndProject
Global
	GlobalSection(SolutionConfigurationPlatforms) = preSolution
		Debug|Any CPU = Debug|Any CPU
		Release|Any CPU = Release|Any CPU
	EndGlobalSection
	GlobalSection(ProjectConfigurationPlatforms) = postSolution
		{054CED38-996A-4654-B4B9-E4D0E7E6B046}.Debug|Any CPU.ActiveCfg = Debug|Any CPU
		{054CED38-996A-4654-B4B9-E4D0E7E6B046}.Debug|Any CPU.Build.0 = Debug|Any CPU
		{054CED38-996A-4654-B4B9-E4D0E7E6B046}.Release|Any CPU.ActiveCfg = Release|Any CPU
		{054CED38-996A-4654-B4B9-E4D0E7E6B046}.Release|Any CPU.Build.0 = Release|Any CPU
	EndGlobalSection
	GlobalSection(SolutionProperties) = preSolution
		HideSolutionNode = FALSE
	EndGlobalSection
	GlobalSection(ExtensibilityGlobals) = postSolution
		SolutionGuid = {9AC5FEAB-E7C8-4140-B31B-9546BF082921}
	EndGlobalSection
EndGlobal
